// !$*UTF8*$!
{
	archiveVersion = 1;
	classes = {
	};
	objectVersion = 55;
	objects = {

/* Begin PBXBuildFile section */
		510AB171292DCFF200DD387A /* ConnectivityManager.swift in Sources */ = {isa = PBXBuildFile; fileRef = 510AB170292DCFF200DD387A /* ConnectivityManager.swift */; };
		510BC9C52924B00700E60798 /* UIViewExtension.swift in Sources */ = {isa = PBXBuildFile; fileRef = 510BC9C42924B00700E60798 /* UIViewExtension.swift */; };
		510BC9C72924B19500E60798 /* UserListViewModel.swift in Sources */ = {isa = PBXBuildFile; fileRef = 510BC9C62924B19500E60798 /* UserListViewModel.swift */; };
		510BC9C92924C2F000E60798 /* UserInfoModel.swift in Sources */ = {isa = PBXBuildFile; fileRef = 510BC9C82924C2F000E60798 /* UserInfoModel.swift */; };
		510BC9CE2924FC0500E60798 /* WithNoteUserTableViewCell.swift in Sources */ = {isa = PBXBuildFile; fileRef = 510BC9CC2924FC0500E60798 /* WithNoteUserTableViewCell.swift */; };
		510BC9CF2924FC0500E60798 /* WithNoteUserTableViewCell.xib in Resources */ = {isa = PBXBuildFile; fileRef = 510BC9CD2924FC0500E60798 /* WithNoteUserTableViewCell.xib */; };
		510BC9D22924FC8300E60798 /* WithInvertedUserTableViewCell.swift in Sources */ = {isa = PBXBuildFile; fileRef = 510BC9D02924FC8300E60798 /* WithInvertedUserTableViewCell.swift */; };
		510BC9D32924FC8300E60798 /* WithInvertedUserTableViewCell.xib in Resources */ = {isa = PBXBuildFile; fileRef = 510BC9D12924FC8300E60798 /* WithInvertedUserTableViewCell.xib */; };
		510BC9D82924FFE600E60798 /* WithInvertedUserTableViewCellViewModel.swift in Sources */ = {isa = PBXBuildFile; fileRef = 510BC9D72924FFE600E60798 /* WithInvertedUserTableViewCellViewModel.swift */; };
		510BC9DA2924FFFD00E60798 /* WithNoteUserTableViewCellViewModel.swift in Sources */ = {isa = PBXBuildFile; fileRef = 510BC9D92924FFFD00E60798 /* WithNoteUserTableViewCellViewModel.swift */; };
		510BC9DC2925007900E60798 /* TableViewCellProtocols.swift in Sources */ = {isa = PBXBuildFile; fileRef = 510BC9DB2925007900E60798 /* TableViewCellProtocols.swift */; };
		510BC9DF29250ADA00E60798 /* LazyImageView.swift in Sources */ = {isa = PBXBuildFile; fileRef = 510BC9DE29250ADA00E60798 /* LazyImageView.swift */; };
		510C16B5293F2AA70084F215 /* CoreDataManager.swift in Sources */ = {isa = PBXBuildFile; fileRef = 510C16B4293F2AA70084F215 /* CoreDataManager.swift */; };
		51146CC4295F5A5E005C3D13 /* UserManageCoreDataModel.xcdatamodeld in Sources */ = {isa = PBXBuildFile; fileRef = 51146CC2295F5A5E005C3D13 /* UserManageCoreDataModel.xcdatamodeld */; };
		51155539295ECCA300AD2F10 /* ColorAssets.xcassets in Resources */ = {isa = PBXBuildFile; fileRef = 51155538295ECCA200AD2F10 /* ColorAssets.xcassets */; };
		51197B08295DA1FD00ED3FD2 /* UserTableViewCellViewModel.swift in Sources */ = {isa = PBXBuildFile; fileRef = 51197B07295DA1FD00ED3FD2 /* UserTableViewCellViewModel.swift */; };
		5131C9F12940FA6200C2B5E7 /* MultipleLines.swift in Sources */ = {isa = PBXBuildFile; fileRef = 5131C9E52940FA6200C2B5E7 /* MultipleLines.swift */; };
		5131C9F22940FA6200C2B5E7 /* Maker.swift in Sources */ = {isa = PBXBuildFile; fileRef = 5131C9E62940FA6200C2B5E7 /* Maker.swift */; };
		5131C9F32940FA6200C2B5E7 /* UIView+Windless.swift in Sources */ = {isa = PBXBuildFile; fileRef = 5131C9E72940FA6200C2B5E7 /* UIView+Windless.swift */; };
		5131C9F42940FA6200C2B5E7 /* WindlessConfiguration.swift in Sources */ = {isa = PBXBuildFile; fileRef = 5131C9E82940FA6200C2B5E7 /* WindlessConfiguration.swift */; };
		5131C9F52940FA6200C2B5E7 /* WindlessOptions.swift in Sources */ = {isa = PBXBuildFile; fileRef = 5131C9E92940FA6200C2B5E7 /* WindlessOptions.swift */; };
		5131C9F62940FA6200C2B5E7 /* Windless.swift in Sources */ = {isa = PBXBuildFile; fileRef = 5131C9EA2940FA6200C2B5E7 /* Windless.swift */; };
		5131C9F72940FA6200C2B5E7 /* Constant+Windless.swift in Sources */ = {isa = PBXBuildFile; fileRef = 5131C9EB2940FA6200C2B5E7 /* Constant+Windless.swift */; };
		5131C9F82940FA6200C2B5E7 /* WindlessLayer.swift in Sources */ = {isa = PBXBuildFile; fileRef = 5131C9EC2940FA6200C2B5E7 /* WindlessLayer.swift */; };
		5131C9F92940FA6200C2B5E7 /* AnimationFactory.swift in Sources */ = {isa = PBXBuildFile; fileRef = 5131C9ED2940FA6200C2B5E7 /* AnimationFactory.swift */; };
		5131C9FA2940FA6200C2B5E7 /* CAMediaTimingFunction+Windless.swift in Sources */ = {isa = PBXBuildFile; fileRef = 5131C9EE2940FA6200C2B5E7 /* CAMediaTimingFunction+Windless.swift */; };
		5131C9FB2940FA6200C2B5E7 /* TransitionFactory.swift in Sources */ = {isa = PBXBuildFile; fileRef = 5131C9EF2940FA6200C2B5E7 /* TransitionFactory.swift */; };
		5131C9FC2940FA6200C2B5E7 /* WindlessContext.swift in Sources */ = {isa = PBXBuildFile; fileRef = 5131C9F02940FA6200C2B5E7 /* WindlessContext.swift */; };
		5131C9FE2940FA7100C2B5E7 /* UIImageExtension.swift in Sources */ = {isa = PBXBuildFile; fileRef = 5131C9FD2940FA7100C2B5E7 /* UIImageExtension.swift */; };
		51337EED2927D82D00365F7F /* UIViewControllerExtensions.swift in Sources */ = {isa = PBXBuildFile; fileRef = 51337EEC2927D82D00365F7F /* UIViewControllerExtensions.swift */; };
		51337EF02927D85B00365F7F /* NetworkManager.swift in Sources */ = {isa = PBXBuildFile; fileRef = 51337EEF2927D85B00365F7F /* NetworkManager.swift */; };
		51534AF22923AC3600D5E930 /* UserListViewController.swift in Sources */ = {isa = PBXBuildFile; fileRef = 51534AF12923AC3600D5E930 /* UserListViewController.swift */; };
		51534AF42923AEB400D5E930 /* UserDetailsViewController.swift in Sources */ = {isa = PBXBuildFile; fileRef = 51534AF32923AEB400D5E930 /* UserDetailsViewController.swift */; };
		51534B052923BCD000D5E930 /* UserTableViewCell.swift in Sources */ = {isa = PBXBuildFile; fileRef = 51534B032923BCD000D5E930 /* UserTableViewCell.swift */; };
		51534B062923BCD000D5E930 /* UserTableViewCell.xib in Resources */ = {isa = PBXBuildFile; fileRef = 51534B042923BCD000D5E930 /* UserTableViewCell.xib */; };
		5170C6812940ACE3005A1208 /* Reachability.swift in Sources */ = {isa = PBXBuildFile; fileRef = 5170C6802940ACE3005A1208 /* Reachability.swift */; };
		51B3B658292CF339003F38CB /* UserDetailsModel.swift in Sources */ = {isa = PBXBuildFile; fileRef = 51B3B657292CF339003F38CB /* UserDetailsModel.swift */; };
		51B3B65A292CF349003F38CB /* UserDetailsViewModel.swift in Sources */ = {isa = PBXBuildFile; fileRef = 51B3B659292CF349003F38CB /* UserDetailsViewModel.swift */; };
		51D133E5295ABA9200723717 /* IQKeyboardManagerSwift in Frameworks */ = {isa = PBXBuildFile; productRef = 51D133E4295ABA9200723717 /* IQKeyboardManagerSwift */; };
		51ED6DAF290A9C4200F9C4ED /* AppDelegate.swift in Sources */ = {isa = PBXBuildFile; fileRef = 51ED6DAE290A9C4200F9C4ED /* AppDelegate.swift */; };
		51ED6DB6290A9C4200F9C4ED /* Main.storyboard in Resources */ = {isa = PBXBuildFile; fileRef = 51ED6DB4290A9C4200F9C4ED /* Main.storyboard */; };
		51ED6DB8290A9C4400F9C4ED /* Assets.xcassets in Resources */ = {isa = PBXBuildFile; fileRef = 51ED6DB7290A9C4400F9C4ED /* Assets.xcassets */; };
		51ED6DBB290A9C4400F9C4ED /* LaunchScreen.storyboard in Resources */ = {isa = PBXBuildFile; fileRef = 51ED6DB9290A9C4400F9C4ED /* LaunchScreen.storyboard */; };
/* End PBXBuildFile section */

/* Begin PBXFileReference section */
		510AB170292DCFF200DD387A /* ConnectivityManager.swift */ = {isa = PBXFileReference; lastKnownFileType = sourcecode.swift; path = ConnectivityManager.swift; sourceTree = "<group>"; };
		510BC9C42924B00700E60798 /* UIViewExtension.swift */ = {isa = PBXFileReference; lastKnownFileType = sourcecode.swift; path = UIViewExtension.swift; sourceTree = "<group>"; };
		510BC9C62924B19500E60798 /* UserListViewModel.swift */ = {isa = PBXFileReference; lastKnownFileType = sourcecode.swift; path = UserListViewModel.swift; sourceTree = "<group>"; };
		510BC9C82924C2F000E60798 /* UserInfoModel.swift */ = {isa = PBXFileReference; fileEncoding = 4; lastKnownFileType = sourcecode.swift; path = UserInfoModel.swift; sourceTree = "<group>"; };
		510BC9CC2924FC0500E60798 /* WithNoteUserTableViewCell.swift */ = {isa = PBXFileReference; lastKnownFileType = sourcecode.swift; path = WithNoteUserTableViewCell.swift; sourceTree = "<group>"; };
		510BC9CD2924FC0500E60798 /* WithNoteUserTableViewCell.xib */ = {isa = PBXFileReference; lastKnownFileType = file.xib; path = WithNoteUserTableViewCell.xib; sourceTree = "<group>"; };
		510BC9D02924FC8300E60798 /* WithInvertedUserTableViewCell.swift */ = {isa = PBXFileReference; lastKnownFileType = sourcecode.swift; path = WithInvertedUserTableViewCell.swift; sourceTree = "<group>"; };
		510BC9D12924FC8300E60798 /* WithInvertedUserTableViewCell.xib */ = {isa = PBXFileReference; lastKnownFileType = file.xib; path = WithInvertedUserTableViewCell.xib; sourceTree = "<group>"; };
		510BC9D72924FFE600E60798 /* WithInvertedUserTableViewCellViewModel.swift */ = {isa = PBXFileReference; lastKnownFileType = sourcecode.swift; path = WithInvertedUserTableViewCellViewModel.swift; sourceTree = "<group>"; };
		510BC9D92924FFFD00E60798 /* WithNoteUserTableViewCellViewModel.swift */ = {isa = PBXFileReference; lastKnownFileType = sourcecode.swift; path = WithNoteUserTableViewCellViewModel.swift; sourceTree = "<group>"; };
		510BC9DB2925007900E60798 /* TableViewCellProtocols.swift */ = {isa = PBXFileReference; lastKnownFileType = sourcecode.swift; path = TableViewCellProtocols.swift; sourceTree = "<group>"; };
		510BC9DE29250ADA00E60798 /* LazyImageView.swift */ = {isa = PBXFileReference; lastKnownFileType = sourcecode.swift; path = LazyImageView.swift; sourceTree = "<group>"; };
		510C16B4293F2AA70084F215 /* CoreDataManager.swift */ = {isa = PBXFileReference; fileEncoding = 4; lastKnownFileType = sourcecode.swift; path = CoreDataManager.swift; sourceTree = "<group>"; };
		51146CC3295F5A5E005C3D13 /* NotesCoreDataModel.xcdatamodel */ = {isa = PBXFileReference; lastKnownFileType = wrapper.xcdatamodel; path = NotesCoreDataModel.xcdatamodel; sourceTree = "<group>"; };
		51155538295ECCA200AD2F10 /* ColorAssets.xcassets */ = {isa = PBXFileReference; lastKnownFileType = folder.assetcatalog; path = ColorAssets.xcassets; sourceTree = "<group>"; };
		51197B07295DA1FD00ED3FD2 /* UserTableViewCellViewModel.swift */ = {isa = PBXFileReference; lastKnownFileType = sourcecode.swift; path = UserTableViewCellViewModel.swift; sourceTree = "<group>"; };
		5131C9E52940FA6200C2B5E7 /* MultipleLines.swift */ = {isa = PBXFileReference; fileEncoding = 4; lastKnownFileType = sourcecode.swift; path = MultipleLines.swift; sourceTree = "<group>"; };
		5131C9E62940FA6200C2B5E7 /* Maker.swift */ = {isa = PBXFileReference; fileEncoding = 4; lastKnownFileType = sourcecode.swift; path = Maker.swift; sourceTree = "<group>"; };
		5131C9E72940FA6200C2B5E7 /* UIView+Windless.swift */ = {isa = PBXFileReference; fileEncoding = 4; lastKnownFileType = sourcecode.swift; path = "UIView+Windless.swift"; sourceTree = "<group>"; };
		5131C9E82940FA6200C2B5E7 /* WindlessConfiguration.swift */ = {isa = PBXFileReference; fileEncoding = 4; lastKnownFileType = sourcecode.swift; path = WindlessConfiguration.swift; sourceTree = "<group>"; };
		5131C9E92940FA6200C2B5E7 /* WindlessOptions.swift */ = {isa = PBXFileReference; fileEncoding = 4; lastKnownFileType = sourcecode.swift; path = WindlessOptions.swift; sourceTree = "<group>"; };
		5131C9EA2940FA6200C2B5E7 /* Windless.swift */ = {isa = PBXFileReference; fileEncoding = 4; lastKnownFileType = sourcecode.swift; path = Windless.swift; sourceTree = "<group>"; };
		5131C9EB2940FA6200C2B5E7 /* Constant+Windless.swift */ = {isa = PBXFileReference; fileEncoding = 4; lastKnownFileType = sourcecode.swift; path = "Constant+Windless.swift"; sourceTree = "<group>"; };
		5131C9EC2940FA6200C2B5E7 /* WindlessLayer.swift */ = {isa = PBXFileReference; fileEncoding = 4; lastKnownFileType = sourcecode.swift; path = WindlessLayer.swift; sourceTree = "<group>"; };
		5131C9ED2940FA6200C2B5E7 /* AnimationFactory.swift */ = {isa = PBXFileReference; fileEncoding = 4; lastKnownFileType = sourcecode.swift; path = AnimationFactory.swift; sourceTree = "<group>"; };
		5131C9EE2940FA6200C2B5E7 /* CAMediaTimingFunction+Windless.swift */ = {isa = PBXFileReference; fileEncoding = 4; lastKnownFileType = sourcecode.swift; path = "CAMediaTimingFunction+Windless.swift"; sourceTree = "<group>"; };
		5131C9EF2940FA6200C2B5E7 /* TransitionFactory.swift */ = {isa = PBXFileReference; fileEncoding = 4; lastKnownFileType = sourcecode.swift; path = TransitionFactory.swift; sourceTree = "<group>"; };
		5131C9F02940FA6200C2B5E7 /* WindlessContext.swift */ = {isa = PBXFileReference; fileEncoding = 4; lastKnownFileType = sourcecode.swift; path = WindlessContext.swift; sourceTree = "<group>"; };
		5131C9FD2940FA7100C2B5E7 /* UIImageExtension.swift */ = {isa = PBXFileReference; fileEncoding = 4; lastKnownFileType = sourcecode.swift; path = UIImageExtension.swift; sourceTree = "<group>"; };
		51337EEC2927D82D00365F7F /* UIViewControllerExtensions.swift */ = {isa = PBXFileReference; fileEncoding = 4; lastKnownFileType = sourcecode.swift; path = UIViewControllerExtensions.swift; sourceTree = "<group>"; };
		51337EEF2927D85B00365F7F /* NetworkManager.swift */ = {isa = PBXFileReference; fileEncoding = 4; lastKnownFileType = sourcecode.swift; path = NetworkManager.swift; sourceTree = "<group>"; };
		51534AF12923AC3600D5E930 /* UserListViewController.swift */ = {isa = PBXFileReference; lastKnownFileType = sourcecode.swift; path = UserListViewController.swift; sourceTree = "<group>"; };
		51534AF32923AEB400D5E930 /* UserDetailsViewController.swift */ = {isa = PBXFileReference; lastKnownFileType = sourcecode.swift; path = UserDetailsViewController.swift; sourceTree = "<group>"; };
		51534B032923BCD000D5E930 /* UserTableViewCell.swift */ = {isa = PBXFileReference; lastKnownFileType = sourcecode.swift; path = UserTableViewCell.swift; sourceTree = "<group>"; };
		51534B042923BCD000D5E930 /* UserTableViewCell.xib */ = {isa = PBXFileReference; lastKnownFileType = file.xib; path = UserTableViewCell.xib; sourceTree = "<group>"; };
		5170C6802940ACE3005A1208 /* Reachability.swift */ = {isa = PBXFileReference; fileEncoding = 4; lastKnownFileType = sourcecode.swift; path = Reachability.swift; sourceTree = "<group>"; };
		51B3B657292CF339003F38CB /* UserDetailsModel.swift */ = {isa = PBXFileReference; fileEncoding = 4; lastKnownFileType = sourcecode.swift; path = UserDetailsModel.swift; sourceTree = "<group>"; };
		51B3B659292CF349003F38CB /* UserDetailsViewModel.swift */ = {isa = PBXFileReference; fileEncoding = 4; lastKnownFileType = sourcecode.swift; path = UserDetailsViewModel.swift; sourceTree = "<group>"; };
		51ED6DAB290A9C4200F9C4ED /* PracticalTest.app */ = {isa = PBXFileReference; explicitFileType = wrapper.application; includeInIndex = 0; path = PracticalTest.app; sourceTree = BUILT_PRODUCTS_DIR; };
		51ED6DAE290A9C4200F9C4ED /* AppDelegate.swift */ = {isa = PBXFileReference; lastKnownFileType = sourcecode.swift; path = AppDelegate.swift; sourceTree = "<group>"; };
		51ED6DB5290A9C4200F9C4ED /* Base */ = {isa = PBXFileReference; lastKnownFileType = file.storyboard; name = Base; path = Base.lproj/Main.storyboard; sourceTree = "<group>"; };
		51ED6DB7290A9C4400F9C4ED /* Assets.xcassets */ = {isa = PBXFileReference; lastKnownFileType = folder.assetcatalog; path = Assets.xcassets; sourceTree = "<group>"; };
		51ED6DBA290A9C4400F9C4ED /* Base */ = {isa = PBXFileReference; lastKnownFileType = file.storyboard; name = Base; path = Base.lproj/LaunchScreen.storyboard; sourceTree = "<group>"; };
		51ED6DBC290A9C4400F9C4ED /* Info.plist */ = {isa = PBXFileReference; lastKnownFileType = text.plist.xml; path = Info.plist; sourceTree = "<group>"; };
/* End PBXFileReference section */

/* Begin PBXFrameworksBuildPhase section */
		51ED6DA8290A9C4200F9C4ED /* Frameworks */ = {
			isa = PBXFrameworksBuildPhase;
			buildActionMask = 2147483647;
			files = (
				51D133E5295ABA9200723717 /* IQKeyboardManagerSwift in Frameworks */,
			);
			runOnlyForDeploymentPostprocessing = 0;
		};
/* End PBXFrameworksBuildPhase section */

/* Begin PBXGroup section */
		510BC9C32924AFB300E60798 /* All Extensions */ = {
			isa = PBXGroup;
			children = (
				5131C9FD2940FA7100C2B5E7 /* UIImageExtension.swift */,
				51337EEC2927D82D00365F7F /* UIViewControllerExtensions.swift */,
				510BC9C42924B00700E60798 /* UIViewExtension.swift */,
			);
			path = "All Extensions";
			sourceTree = "<group>";
		};
		510BC9D42924FFA000E60798 /* TableViewCellViewModel */ = {
			isa = PBXGroup;
			children = (
				510BC9DB2925007900E60798 /* TableViewCellProtocols.swift */,
				51197B07295DA1FD00ED3FD2 /* UserTableViewCellViewModel.swift */,
				510BC9D72924FFE600E60798 /* WithInvertedUserTableViewCellViewModel.swift */,
				510BC9D92924FFFD00E60798 /* WithNoteUserTableViewCellViewModel.swift */,
			);
			path = TableViewCellViewModel;
			sourceTree = "<group>";
		};
		510BC9DD29250AB500E60798 /* Helper */ = {
			isa = PBXGroup;
			children = (
				5131C9E42940FA6200C2B5E7 /* Windless */,
				510BC9DE29250ADA00E60798 /* LazyImageView.swift */,
			);
			path = Helper;
			sourceTree = "<group>";
		};
		5131C9E42940FA6200C2B5E7 /* Windless */ = {
			isa = PBXGroup;
			children = (
				5131C9E52940FA6200C2B5E7 /* MultipleLines.swift */,
				5131C9E62940FA6200C2B5E7 /* Maker.swift */,
				5131C9E72940FA6200C2B5E7 /* UIView+Windless.swift */,
				5131C9E82940FA6200C2B5E7 /* WindlessConfiguration.swift */,
				5131C9E92940FA6200C2B5E7 /* WindlessOptions.swift */,
				5131C9EA2940FA6200C2B5E7 /* Windless.swift */,
				5131C9EB2940FA6200C2B5E7 /* Constant+Windless.swift */,
				5131C9EC2940FA6200C2B5E7 /* WindlessLayer.swift */,
				5131C9ED2940FA6200C2B5E7 /* AnimationFactory.swift */,
				5131C9EE2940FA6200C2B5E7 /* CAMediaTimingFunction+Windless.swift */,
				5131C9EF2940FA6200C2B5E7 /* TransitionFactory.swift */,
				5131C9F02940FA6200C2B5E7 /* WindlessContext.swift */,
			);
			path = Windless;
			sourceTree = "<group>";
		};
		51337EEE2927D84F00365F7F /* Utility */ = {
			isa = PBXGroup;
			children = (
				510AB170292DCFF200DD387A /* ConnectivityManager.swift */,
				510C16B4293F2AA70084F215 /* CoreDataManager.swift */,
				51337EEF2927D85B00365F7F /* NetworkManager.swift */,
				5170C6802940ACE3005A1208 /* Reachability.swift */,
			);
			path = Utility;
			sourceTree = "<group>";
		};
		51534AF52923AF5700D5E930 /* Flow */ = {
			isa = PBXGroup;
			children = (
				51534AF62923AF6900D5E930 /* User Listing */,
				51534AFA2923B7C700D5E930 /* User Details */,
			);
			path = Flow;
			sourceTree = "<group>";
		};
		51534AF62923AF6900D5E930 /* User Listing */ = {
			isa = PBXGroup;
			children = (
				51534AF72923B7A300D5E930 /* Model */,
				51534AF82923B7AB00D5E930 /* View */,
				51534AF92923B7B100D5E930 /* ViewModel */,
			);
			path = "User Listing";
			sourceTree = "<group>";
		};
		51534AF72923B7A300D5E930 /* Model */ = {
			isa = PBXGroup;
			children = (
				510BC9C82924C2F000E60798 /* UserInfoModel.swift */,
			);
			path = Model;
			sourceTree = "<group>";
		};
		51534AF82923B7AB00D5E930 /* View */ = {
			isa = PBXGroup;
			children = (
				51534AFE2923BC5300D5E930 /* TableView Cell */,
				51534AF12923AC3600D5E930 /* UserListViewController.swift */,
			);
			path = View;
			sourceTree = "<group>";
		};
		51534AF92923B7B100D5E930 /* ViewModel */ = {
			isa = PBXGroup;
			children = (
				510BC9D42924FFA000E60798 /* TableViewCellViewModel */,
				510BC9C62924B19500E60798 /* UserListViewModel.swift */,
			);
			path = ViewModel;
			sourceTree = "<group>";
		};
		51534AFA2923B7C700D5E930 /* User Details */ = {
			isa = PBXGroup;
			children = (
				51534AFD2923B7E000D5E930 /* Model */,
				51534AFC2923B7DA00D5E930 /* View */,
				51534AFB2923B7D300D5E930 /* ViewModel */,
			);
			path = "User Details";
			sourceTree = "<group>";
		};
		51534AFB2923B7D300D5E930 /* ViewModel */ = {
			isa = PBXGroup;
			children = (
				51B3B659292CF349003F38CB /* UserDetailsViewModel.swift */,
			);
			path = ViewModel;
			sourceTree = "<group>";
		};
		51534AFC2923B7DA00D5E930 /* View */ = {
			isa = PBXGroup;
			children = (
				51534AF32923AEB400D5E930 /* UserDetailsViewController.swift */,
			);
			path = View;
			sourceTree = "<group>";
		};
		51534AFD2923B7E000D5E930 /* Model */ = {
			isa = PBXGroup;
			children = (
				51B3B657292CF339003F38CB /* UserDetailsModel.swift */,
			);
			path = Model;
			sourceTree = "<group>";
		};
		51534AFE2923BC5300D5E930 /* TableView Cell */ = {
			isa = PBXGroup;
			children = (
				51534B032923BCD000D5E930 /* UserTableViewCell.swift */,
				51534B042923BCD000D5E930 /* UserTableViewCell.xib */,
				510BC9D02924FC8300E60798 /* WithInvertedUserTableViewCell.swift */,
				510BC9D12924FC8300E60798 /* WithInvertedUserTableViewCell.xib */,
				510BC9CC2924FC0500E60798 /* WithNoteUserTableViewCell.swift */,
				510BC9CD2924FC0500E60798 /* WithNoteUserTableViewCell.xib */,
			);
			path = "TableView Cell";
			sourceTree = "<group>";
		};
		51ED6DA2290A9C4200F9C4ED = {
			isa = PBXGroup;
			children = (
				51ED6DAD290A9C4200F9C4ED /* PracticalTest */,
				51ED6DAC290A9C4200F9C4ED /* Products */,
			);
			sourceTree = "<group>";
		};
		51ED6DAC290A9C4200F9C4ED /* Products */ = {
			isa = PBXGroup;
			children = (
				51ED6DAB290A9C4200F9C4ED /* PracticalTest.app */,
			);
			name = Products;
			sourceTree = "<group>";
		};
		51ED6DAD290A9C4200F9C4ED /* PracticalTest */ = {
			isa = PBXGroup;
			children = (
				510BC9DD29250AB500E60798 /* Helper */,
				510BC9C32924AFB300E60798 /* All Extensions */,
				51337EEE2927D84F00365F7F /* Utility */,
				51534AF52923AF5700D5E930 /* Flow */,
				51ED6DAE290A9C4200F9C4ED /* AppDelegate.swift */,
				51ED6DB4290A9C4200F9C4ED /* Main.storyboard */,
				51ED6DB7290A9C4400F9C4ED /* Assets.xcassets */,
				51155538295ECCA200AD2F10 /* ColorAssets.xcassets */,
				51ED6DB9290A9C4400F9C4ED /* LaunchScreen.storyboard */,
				51ED6DBC290A9C4400F9C4ED /* Info.plist */,
				51146CC2295F5A5E005C3D13 /* UserManageCoreDataModel.xcdatamodeld */,
			);
			path = PracticalTest;
			sourceTree = "<group>";
		};
/* End PBXGroup section */

/* Begin PBXNativeTarget section */
		51ED6DAA290A9C4200F9C4ED /* PracticalTest */ = {
			isa = PBXNativeTarget;
			buildConfigurationList = 51ED6DBF290A9C4400F9C4ED /* Build configuration list for PBXNativeTarget "PracticalTest" */;
			buildPhases = (
				51ED6DA7290A9C4200F9C4ED /* Sources */,
				51ED6DA8290A9C4200F9C4ED /* Frameworks */,
				51ED6DA9290A9C4200F9C4ED /* Resources */,
			);
			buildRules = (
			);
			dependencies = (
			);
			name = PracticalTest;
			packageProductDependencies = (
				51D133E4295ABA9200723717 /* IQKeyboardManagerSwift */,
			);
			productName = PracticalTest;
			productReference = 51ED6DAB290A9C4200F9C4ED /* PracticalTest.app */;
			productType = "com.apple.product-type.application";
		};
/* End PBXNativeTarget section */

/* Begin PBXProject section */
		51ED6DA3290A9C4200F9C4ED /* Project object */ = {
			isa = PBXProject;
			attributes = {
				BuildIndependentTargetsInParallel = 1;
				LastSwiftUpdateCheck = 1340;
				LastUpgradeCheck = 1340;
				TargetAttributes = {
					51ED6DAA290A9C4200F9C4ED = {
						CreatedOnToolsVersion = 13.4.1;
					};
				};
			};
			buildConfigurationList = 51ED6DA6290A9C4200F9C4ED /* Build configuration list for PBXProject "PracticalTest" */;
			compatibilityVersion = "Xcode 13.0";
			developmentRegion = en;
			hasScannedForEncodings = 0;
			knownRegions = (
				en,
				Base,
			);
			mainGroup = 51ED6DA2290A9C4200F9C4ED;
			packageReferences = (
				51D133E3295ABA9200723717 /* XCRemoteSwiftPackageReference "IQKeyboardManager" */,
			);
			productRefGroup = 51ED6DAC290A9C4200F9C4ED /* Products */;
			projectDirPath = "";
			projectRoot = "";
			targets = (
				51ED6DAA290A9C4200F9C4ED /* PracticalTest */,
			);
		};
/* End PBXProject section */

/* Begin PBXResourcesBuildPhase section */
		51ED6DA9290A9C4200F9C4ED /* Resources */ = {
			isa = PBXResourcesBuildPhase;
			buildActionMask = 2147483647;
			files = (
				51534B062923BCD000D5E930 /* UserTableViewCell.xib in Resources */,
				51ED6DBB290A9C4400F9C4ED /* LaunchScreen.storyboard in Resources */,
				51ED6DB8290A9C4400F9C4ED /* Assets.xcassets in Resources */,
				51ED6DB6290A9C4200F9C4ED /* Main.storyboard in Resources */,
				51155539295ECCA300AD2F10 /* ColorAssets.xcassets in Resources */,
				510BC9CF2924FC0500E60798 /* WithNoteUserTableViewCell.xib in Resources */,
				510BC9D32924FC8300E60798 /* WithInvertedUserTableViewCell.xib in Resources */,
			);
			runOnlyForDeploymentPostprocessing = 0;
		};
/* End PBXResourcesBuildPhase section */

/* Begin PBXSourcesBuildPhase section */
		51ED6DA7290A9C4200F9C4ED /* Sources */ = {
			isa = PBXSourcesBuildPhase;
			buildActionMask = 2147483647;
			files = (
				5131C9FB2940FA6200C2B5E7 /* TransitionFactory.swift in Sources */,
				5131C9F12940FA6200C2B5E7 /* MultipleLines.swift in Sources */,
				510BC9C52924B00700E60798 /* UIViewExtension.swift in Sources */,
				510BC9D82924FFE600E60798 /* WithInvertedUserTableViewCellViewModel.swift in Sources */,
				5131C9F32940FA6200C2B5E7 /* UIView+Windless.swift in Sources */,
				510AB171292DCFF200DD387A /* ConnectivityManager.swift in Sources */,
				5131C9F72940FA6200C2B5E7 /* Constant+Windless.swift in Sources */,
				51B3B65A292CF349003F38CB /* UserDetailsViewModel.swift in Sources */,
				510BC9D22924FC8300E60798 /* WithInvertedUserTableViewCell.swift in Sources */,
				510BC9C72924B19500E60798 /* UserListViewModel.swift in Sources */,
				51337EF02927D85B00365F7F /* NetworkManager.swift in Sources */,
				51534B052923BCD000D5E930 /* UserTableViewCell.swift in Sources */,
				5131C9FC2940FA6200C2B5E7 /* WindlessContext.swift in Sources */,
				510BC9DC2925007900E60798 /* TableViewCellProtocols.swift in Sources */,
				51337EED2927D82D00365F7F /* UIViewControllerExtensions.swift in Sources */,
				5131C9F62940FA6200C2B5E7 /* Windless.swift in Sources */,
				51ED6DAF290A9C4200F9C4ED /* AppDelegate.swift in Sources */,
				51197B08295DA1FD00ED3FD2 /* UserTableViewCellViewModel.swift in Sources */,
				51146CC4295F5A5E005C3D13 /* UserManageCoreDataModel.xcdatamodeld in Sources */,
				5131C9F22940FA6200C2B5E7 /* Maker.swift in Sources */,
				510C16B5293F2AA70084F215 /* CoreDataManager.swift in Sources */,
				510BC9DA2924FFFD00E60798 /* WithNoteUserTableViewCellViewModel.swift in Sources */,
				5131C9F82940FA6200C2B5E7 /* WindlessLayer.swift in Sources */,
				5131C9FE2940FA7100C2B5E7 /* UIImageExtension.swift in Sources */,
				5131C9FA2940FA6200C2B5E7 /* CAMediaTimingFunction+Windless.swift in Sources */,
				510BC9C92924C2F000E60798 /* UserInfoModel.swift in Sources */,
				5131C9F42940FA6200C2B5E7 /* WindlessConfiguration.swift in Sources */,
				51534AF22923AC3600D5E930 /* UserListViewController.swift in Sources */,
				5131C9F92940FA6200C2B5E7 /* AnimationFactory.swift in Sources */,
				5131C9F52940FA6200C2B5E7 /* WindlessOptions.swift in Sources */,
				510BC9CE2924FC0500E60798 /* WithNoteUserTableViewCell.swift in Sources */,
				5170C6812940ACE3005A1208 /* Reachability.swift in Sources */,
				510BC9DF29250ADA00E60798 /* LazyImageView.swift in Sources */,
				51B3B658292CF339003F38CB /* UserDetailsModel.swift in Sources */,
				51534AF42923AEB400D5E930 /* UserDetailsViewController.swift in Sources */,
			);
			runOnlyForDeploymentPostprocessing = 0;
		};
/* End PBXSourcesBuildPhase section */

/* Begin PBXVariantGroup section */
		51ED6DB4290A9C4200F9C4ED /* Main.storyboard */ = {
			isa = PBXVariantGroup;
			children = (
				51ED6DB5290A9C4200F9C4ED /* Base */,
			);
			name = Main.storyboard;
			sourceTree = "<group>";
		};
		51ED6DB9290A9C4400F9C4ED /* LaunchScreen.storyboard */ = {
			isa = PBXVariantGroup;
			children = (
				51ED6DBA290A9C4400F9C4ED /* Base */,
			);
			name = LaunchScreen.storyboard;
			sourceTree = "<group>";
		};
/* End PBXVariantGroup section */

/* Begin XCBuildConfiguration section */
		51ED6DBD290A9C4400F9C4ED /* Debug */ = {
			isa = XCBuildConfiguration;
			buildSettings = {
				ALWAYS_SEARCH_USER_PATHS = NO;
				CLANG_ANALYZER_NONNULL = YES;
				CLANG_ANALYZER_NUMBER_OBJECT_CONVERSION = YES_AGGRESSIVE;
				CLANG_CXX_LANGUAGE_STANDARD = "gnu++17";
				CLANG_ENABLE_MODULES = YES;
				CLANG_ENABLE_OBJC_ARC = YES;
				CLANG_ENABLE_OBJC_WEAK = YES;
				CLANG_WARN_BLOCK_CAPTURE_AUTORELEASING = YES;
				CLANG_WARN_BOOL_CONVERSION = YES;
				CLANG_WARN_COMMA = YES;
				CLANG_WARN_CONSTANT_CONVERSION = YES;
				CLANG_WARN_DEPRECATED_OBJC_IMPLEMENTATIONS = YES;
				CLANG_WARN_DIRECT_OBJC_ISA_USAGE = YES_ERROR;
				CLANG_WARN_DOCUMENTATION_COMMENTS = YES;
				CLANG_WARN_EMPTY_BODY = YES;
				CLANG_WARN_ENUM_CONVERSION = YES;
				CLANG_WARN_INFINITE_RECURSION = YES;
				CLANG_WARN_INT_CONVERSION = YES;
				CLANG_WARN_NON_LITERAL_NULL_CONVERSION = YES;
				CLANG_WARN_OBJC_IMPLICIT_RETAIN_SELF = YES;
				CLANG_WARN_OBJC_LITERAL_CONVERSION = YES;
				CLANG_WARN_OBJC_ROOT_CLASS = YES_ERROR;
				CLANG_WARN_QUOTED_INCLUDE_IN_FRAMEWORK_HEADER = YES;
				CLANG_WARN_RANGE_LOOP_ANALYSIS = YES;
				CLANG_WARN_STRICT_PROTOTYPES = YES;
				CLANG_WARN_SUSPICIOUS_MOVE = YES;
				CLANG_WARN_UNGUARDED_AVAILABILITY = YES_AGGRESSIVE;
				CLANG_WARN_UNREACHABLE_CODE = YES;
				CLANG_WARN__DUPLICATE_METHOD_MATCH = YES;
				COPY_PHASE_STRIP = NO;
				DEBUG_INFORMATION_FORMAT = dwarf;
				ENABLE_STRICT_OBJC_MSGSEND = YES;
				ENABLE_TESTABILITY = YES;
				GCC_C_LANGUAGE_STANDARD = gnu11;
				GCC_DYNAMIC_NO_PIC = NO;
				GCC_NO_COMMON_BLOCKS = YES;
				GCC_OPTIMIZATION_LEVEL = 0;
				GCC_PREPROCESSOR_DEFINITIONS = (
					"DEBUG=1",
					"$(inherited)",
				);
				GCC_WARN_64_TO_32_BIT_CONVERSION = YES;
				GCC_WARN_ABOUT_RETURN_TYPE = YES_ERROR;
				GCC_WARN_UNDECLARED_SELECTOR = YES;
				GCC_WARN_UNINITIALIZED_AUTOS = YES_AGGRESSIVE;
				GCC_WARN_UNUSED_FUNCTION = YES;
				GCC_WARN_UNUSED_VARIABLE = YES;
				IPHONEOS_DEPLOYMENT_TARGET = 15.5;
				MTL_ENABLE_DEBUG_INFO = INCLUDE_SOURCE;
				MTL_FAST_MATH = YES;
				ONLY_ACTIVE_ARCH = YES;
				SDKROOT = iphoneos;
				SWIFT_ACTIVE_COMPILATION_CONDITIONS = DEBUG;
				SWIFT_OPTIMIZATION_LEVEL = "-Onone";
			};
			name = Debug;
		};
		51ED6DBE290A9C4400F9C4ED /* Release */ = {
			isa = XCBuildConfiguration;
			buildSettings = {
				ALWAYS_SEARCH_USER_PATHS = NO;
				CLANG_ANALYZER_NONNULL = YES;
				CLANG_ANALYZER_NUMBER_OBJECT_CONVERSION = YES_AGGRESSIVE;
				CLANG_CXX_LANGUAGE_STANDARD = "gnu++17";
				CLANG_ENABLE_MODULES = YES;
				CLANG_ENABLE_OBJC_ARC = YES;
				CLANG_ENABLE_OBJC_WEAK = YES;
				CLANG_WARN_BLOCK_CAPTURE_AUTORELEASING = YES;
				CLANG_WARN_BOOL_CONVERSION = YES;
				CLANG_WARN_COMMA = YES;
				CLANG_WARN_CONSTANT_CONVERSION = YES;
				CLANG_WARN_DEPRECATED_OBJC_IMPLEMENTATIONS = YES;
				CLANG_WARN_DIRECT_OBJC_ISA_USAGE = YES_ERROR;
				CLANG_WARN_DOCUMENTATION_COMMENTS = YES;
				CLANG_WARN_EMPTY_BODY = YES;
				CLANG_WARN_ENUM_CONVERSION = YES;
				CLANG_WARN_INFINITE_RECURSION = YES;
				CLANG_WARN_INT_CONVERSION = YES;
				CLANG_WARN_NON_LITERAL_NULL_CONVERSION = YES;
				CLANG_WARN_OBJC_IMPLICIT_RETAIN_SELF = YES;
				CLANG_WARN_OBJC_LITERAL_CONVERSION = YES;
				CLANG_WARN_OBJC_ROOT_CLASS = YES_ERROR;
				CLANG_WARN_QUOTED_INCLUDE_IN_FRAMEWORK_HEADER = YES;
				CLANG_WARN_RANGE_LOOP_ANALYSIS = YES;
				CLANG_WARN_STRICT_PROTOTYPES = YES;
				CLANG_WARN_SUSPICIOUS_MOVE = YES;
				CLANG_WARN_UNGUARDED_AVAILABILITY = YES_AGGRESSIVE;
				CLANG_WARN_UNREACHABLE_CODE = YES;
				CLANG_WARN__DUPLICATE_METHOD_MATCH = YES;
				COPY_PHASE_STRIP = NO;
				DEBUG_INFORMATION_FORMAT = "dwarf-with-dsym";
				ENABLE_NS_ASSERTIONS = NO;
				ENABLE_STRICT_OBJC_MSGSEND = YES;
				GCC_C_LANGUAGE_STANDARD = gnu11;
				GCC_NO_COMMON_BLOCKS = YES;
				GCC_WARN_64_TO_32_BIT_CONVERSION = YES;
				GCC_WARN_ABOUT_RETURN_TYPE = YES_ERROR;
				GCC_WARN_UNDECLARED_SELECTOR = YES;
				GCC_WARN_UNINITIALIZED_AUTOS = YES_AGGRESSIVE;
				GCC_WARN_UNUSED_FUNCTION = YES;
				GCC_WARN_UNUSED_VARIABLE = YES;
				IPHONEOS_DEPLOYMENT_TARGET = 15.5;
				MTL_ENABLE_DEBUG_INFO = NO;
				MTL_FAST_MATH = YES;
				SDKROOT = iphoneos;
				SWIFT_COMPILATION_MODE = wholemodule;
				SWIFT_OPTIMIZATION_LEVEL = "-O";
				VALIDATE_PRODUCT = YES;
			};
			name = Release;
		};
		51ED6DC0290A9C4400F9C4ED /* Debug */ = {
			isa = XCBuildConfiguration;
			buildSettings = {
				ASSETCATALOG_COMPILER_APPICON_NAME = AppIcon;
				ASSETCATALOG_COMPILER_GLOBAL_ACCENT_COLOR_NAME = AccentColor;
				"CODE_SIGN_IDENTITY[sdk=iphoneos*]" = "iPhone Developer";
				CODE_SIGN_STYLE = Manual;
				CURRENT_PROJECT_VERSION = 1;
				DEVELOPMENT_TEAM = "";
				"DEVELOPMENT_TEAM[sdk=iphoneos*]" = QR33VZPYP7;
				GENERATE_INFOPLIST_FILE = YES;
				INFOPLIST_FILE = PracticalTest/Info.plist;
				INFOPLIST_KEY_UIApplicationSupportsIndirectInputEvents = YES;
				INFOPLIST_KEY_UILaunchStoryboardName = LaunchScreen;
				INFOPLIST_KEY_UIMainStoryboardFile = Main;
				INFOPLIST_KEY_UISupportedInterfaceOrientations = UIInterfaceOrientationPortrait;
				INFOPLIST_KEY_UISupportedInterfaceOrientations_iPad = "UIInterfaceOrientationLandscapeLeft UIInterfaceOrientationLandscapeRight UIInterfaceOrientationPortrait UIInterfaceOrientationPortraitUpsideDown";
				IPHONEOS_DEPLOYMENT_TARGET = 13.0;
				LD_RUNPATH_SEARCH_PATHS = (
					"$(inherited)",
					"@executable_path/Frameworks",
				);
				MARKETING_VERSION = 1.0;
				PRODUCT_BUNDLE_IDENTIFIER = com.itracetech.2dmidetector;
				PRODUCT_NAME = "$(TARGET_NAME)";
				PROVISIONING_PROFILE_SPECIFIER = "";
				"PROVISIONING_PROFILE_SPECIFIER[sdk=iphoneos*]" = iTrace2DMI_Development;
				SUPPORTED_PLATFORMS = "iphoneos iphonesimulator";
				SUPPORTS_MACCATALYST = NO;
				SUPPORTS_MAC_DESIGNED_FOR_IPHONE_IPAD = YES;
				SWIFT_EMIT_LOC_STRINGS = YES;
				SWIFT_VERSION = 5.0;
				TARGETED_DEVICE_FAMILY = 1;
			};
			name = Debug;
		};
		51ED6DC1290A9C4400F9C4ED /* Release */ = {
			isa = XCBuildConfiguration;
			buildSettings = {
				ASSETCATALOG_COMPILER_APPICON_NAME = AppIcon;
				ASSETCATALOG_COMPILER_GLOBAL_ACCENT_COLOR_NAME = AccentColor;
				"CODE_SIGN_IDENTITY[sdk=iphoneos*]" = "iPhone Developer";
				CODE_SIGN_STYLE = Manual;
				CURRENT_PROJECT_VERSION = 1;
				DEVELOPMENT_TEAM = "";
				"DEVELOPMENT_TEAM[sdk=iphoneos*]" = QR33VZPYP7;
				GENERATE_INFOPLIST_FILE = YES;
				INFOPLIST_FILE = PracticalTest/Info.plist;
				INFOPLIST_KEY_UIApplicationSupportsIndirectInputEvents = YES;
				INFOPLIST_KEY_UILaunchStoryboardName = LaunchScreen;
				INFOPLIST_KEY_UIMainStoryboardFile = Main;
				INFOPLIST_KEY_UISupportedInterfaceOrientations = UIInterfaceOrientationPortrait;
				INFOPLIST_KEY_UISupportedInterfaceOrientations_iPad = "UIInterfaceOrientationLandscapeLeft UIInterfaceOrientationLandscapeRight UIInterfaceOrientationPortrait UIInterfaceOrientationPortraitUpsideDown";
				IPHONEOS_DEPLOYMENT_TARGET = 13.0;
				LD_RUNPATH_SEARCH_PATHS = (
					"$(inherited)",
					"@executable_path/Frameworks",
				);
				MARKETING_VERSION = 1.0;
				PRODUCT_BUNDLE_IDENTIFIER = com.itracetech.2dmidetector;
				PRODUCT_NAME = "$(TARGET_NAME)";
				PROVISIONING_PROFILE_SPECIFIER = "";
				"PROVISIONING_PROFILE_SPECIFIER[sdk=iphoneos*]" = iTrace2DMI_Development;
				SUPPORTED_PLATFORMS = "iphoneos iphonesimulator";
				SUPPORTS_MACCATALYST = NO;
				SUPPORTS_MAC_DESIGNED_FOR_IPHONE_IPAD = YES;
				SWIFT_EMIT_LOC_STRINGS = YES;
				SWIFT_VERSION = 5.0;
				TARGETED_DEVICE_FAMILY = 1;
			};
			name = Release;
		};
/* End XCBuildConfiguration section */

/* Begin XCConfigurationList section */
		51ED6DA6290A9C4200F9C4ED /* Build configuration list for PBXProject "PracticalTest" */ = {
			isa = XCConfigurationList;
			buildConfigurations = (
				51ED6DBD290A9C4400F9C4ED /* Debug */,
				51ED6DBE290A9C4400F9C4ED /* Release */,
			);
			defaultConfigurationIsVisible = 0;
			defaultConfigurationName = Release;
		};
		51ED6DBF290A9C4400F9C4ED /* Build configuration list for PBXNativeTarget "PracticalTest" */ = {
			isa = XCConfigurationList;
			buildConfigurations = (
				51ED6DC0290A9C4400F9C4ED /* Debug */,
				51ED6DC1290A9C4400F9C4ED /* Release */,
			);
			defaultConfigurationIsVisible = 0;
			defaultConfigurationName = Release;
		};
/* End XCConfigurationList section */

/* Begin XCRemoteSwiftPackageReference section */
		51D133E3295ABA9200723717 /* XCRemoteSwiftPackageReference "IQKeyboardManager" */ = {
			isa = XCRemoteSwiftPackageReference;
			repositoryURL = "https://github.com/hackiftekhar/IQKeyboardManager.git";
			requirement = {
				branch = master;
				kind = branch;
			};
		};
/* End XCRemoteSwiftPackageReference section */

/* Begin XCSwiftPackageProductDependency section */
		51D133E4295ABA9200723717 /* IQKeyboardManagerSwift */ = {
			isa = XCSwiftPackageProductDependency;
			package = 51D133E3295ABA9200723717 /* XCRemoteSwiftPackageReference "IQKeyboardManager" */;
			productName = IQKeyboardManagerSwift;
		};
/* End XCSwiftPackageProductDependency section */

/* Begin XCVersionGroup section */
		51146CC2295F5A5E005C3D13 /* UserManageCoreDataModel.xcdatamodeld */ = {
			isa = XCVersionGroup;
			children = (
				51146CC3295F5A5E005C3D13 /* NotesCoreDataModel.xcdatamodel */,
			);
			currentVersion = 51146CC3295F5A5E005C3D13 /* NotesCoreDataModel.xcdatamodel */;
			path = UserManageCoreDataModel.xcdatamodeld;
			sourceTree = "<group>";
			versionGroupType = wrapper.xcdatamodel;
		};
/* End XCVersionGroup section */
	};
	rootObject = 51ED6DA3290A9C4200F9C4ED /* Project object */;
}
